// !$*UTF8*$!
{
	archiveVersion = 1;
	classes = {
	};
	objectVersion = 48;
	objects = {

/* Begin PBXBuildFile section */
		668F45F9209F78FB007877DC /* BluetoothService.swift in Sources */ = {isa = PBXBuildFile; fileRef = 668F45F8209F78FB007877DC /* BluetoothService.swift */; };
		668F45FC20A18673007877DC /* StoneVC.swift in Sources */ = {isa = PBXBuildFile; fileRef = 668F45FB20A18673007877DC /* StoneVC.swift */; };
		668F460120A1880F007877DC /* secondFace.gif in Resources */ = {isa = PBXBuildFile; fileRef = 668F45FD20A1880E007877DC /* secondFace.gif */; };
		668F460220A1880F007877DC /* thirdFace.gif in Resources */ = {isa = PBXBuildFile; fileRef = 668F45FE20A1880E007877DC /* thirdFace.gif */; };
		668F460320A1880F007877DC /* firstFace.gif in Resources */ = {isa = PBXBuildFile; fileRef = 668F45FF20A1880E007877DC /* firstFace.gif */; };
		668F460420A1880F007877DC /* stoneGIF.gif in Resources */ = {isa = PBXBuildFile; fileRef = 668F460020A1880F007877DC /* stoneGIF.gif */; };
		668F460620A18CB5007877DC /* FirstFaceVC.swift in Sources */ = {isa = PBXBuildFile; fileRef = 668F460520A18CB5007877DC /* FirstFaceVC.swift */; };
		668F460A20A18F41007877DC /* SecondFaceVC.swift in Sources */ = {isa = PBXBuildFile; fileRef = 668F460920A18F41007877DC /* SecondFaceVC.swift */; };
		668F460C20A18F62007877DC /* ThirdFaceVC.swift in Sources */ = {isa = PBXBuildFile; fileRef = 668F460B20A18F62007877DC /* ThirdFaceVC.swift */; };
		668F460E20A32523007877DC /* article102.txt in Resources */ = {isa = PBXBuildFile; fileRef = 668F460D20A32523007877DC /* article102.txt */; };
		668F461020A58D26007877DC /* AppData.swift in Sources */ = {isa = PBXBuildFile; fileRef = 668F460F20A58D26007877DC /* AppData.swift */; };
		66A26189205A71B10037E26A /* NoBlackoutTransition.swift in Sources */ = {isa = PBXBuildFile; fileRef = 66A26188205A71B10037E26A /* NoBlackoutTransition.swift */; };
		66A2618C205A90660037E26A /* Article.swift in Sources */ = {isa = PBXBuildFile; fileRef = 66A2618B205A90660037E26A /* Article.swift */; };
		66BA938F2036F4B200C08154 /* BluetoothVC.swift in Sources */ = {isa = PBXBuildFile; fileRef = 66BA938E2036F4B200C08154 /* BluetoothVC.swift */; };
		66BA93912036F4CE00C08154 /* SettingsVC.swift in Sources */ = {isa = PBXBuildFile; fileRef = 66BA93902036F4CE00C08154 /* SettingsVC.swift */; };
		66BA93932036F50300C08154 /* HomeVC.swift in Sources */ = {isa = PBXBuildFile; fileRef = 66BA93922036F50300C08154 /* HomeVC.swift */; };
		66BA93952036F51E00C08154 /* AdviceVC.swift in Sources */ = {isa = PBXBuildFile; fileRef = 66BA93942036F51E00C08154 /* AdviceVC.swift */; };
		66BA9397203DA40800C08154 /* EnterEmailVC.swift in Sources */ = {isa = PBXBuildFile; fileRef = 66BA9396203DA40800C08154 /* EnterEmailVC.swift */; };
		66BA93DE20469F9200C08154 /* ArticleCell.swift in Sources */ = {isa = PBXBuildFile; fileRef = 66BA93DD20469F9200C08154 /* ArticleCell.swift */; };
		66BA93E62046DD4C00C08154 /* article3.txt in Resources */ = {isa = PBXBuildFile; fileRef = 66BA93DF2046DD4A00C08154 /* article3.txt */; };
		66BA93E72046DD4C00C08154 /* article6.txt in Resources */ = {isa = PBXBuildFile; fileRef = 66BA93E02046DD4B00C08154 /* article6.txt */; };
		66BA93E82046DD4C00C08154 /* article2.txt in Resources */ = {isa = PBXBuildFile; fileRef = 66BA93E12046DD4B00C08154 /* article2.txt */; };
		66BA93E92046DD4C00C08154 /* article7.txt in Resources */ = {isa = PBXBuildFile; fileRef = 66BA93E22046DD4B00C08154 /* article7.txt */; };
		66BA93EA2046DD4C00C08154 /* article5.txt in Resources */ = {isa = PBXBuildFile; fileRef = 66BA93E32046DD4B00C08154 /* article5.txt */; };
		66BA93EB2046DD4C00C08154 /* article8.txt in Resources */ = {isa = PBXBuildFile; fileRef = 66BA93E42046DD4B00C08154 /* article8.txt */; };
		66BA93EC2046DD4C00C08154 /* article4.txt in Resources */ = {isa = PBXBuildFile; fileRef = 66BA93E52046DD4B00C08154 /* article4.txt */; };
		66CEBA8820CE1920000C455B /* DataModel.xcdatamodeld in Sources */ = {isa = PBXBuildFile; fileRef = 66CEBA8620CE1920000C455B /* DataModel.xcdatamodeld */; };
		66CEBA8A20CE1AFA000C455B /* LocalDataService.swift in Sources */ = {isa = PBXBuildFile; fileRef = 66CEBA8920CE1AFA000C455B /* LocalDataService.swift */; };
		66CEBA8C20CE1BBF000C455B /* QuizModel.swift in Sources */ = {isa = PBXBuildFile; fileRef = 66CEBA8B20CE1BBF000C455B /* QuizModel.swift */; };
		66CEBA8E20CE1BCA000C455B /* BluetoothModel.swift in Sources */ = {isa = PBXBuildFile; fileRef = 66CEBA8D20CE1BCA000C455B /* BluetoothModel.swift */; };
		66E23733217AF54000CED120 /* GraphVC.swift in Sources */ = {isa = PBXBuildFile; fileRef = 66E23732217AF54000CED120 /* GraphVC.swift */; };
		66E23736217AFE2E00CED120 /* Charts.framework in Frameworks */ = {isa = PBXBuildFile; fileRef = 66E23735217AFE2E00CED120 /* Charts.framework */; };
		66E23738217AFE6A00CED120 /* GTMSessionFetcher.framework in Frameworks */ = {isa = PBXBuildFile; fileRef = 66E23737217AFE6A00CED120 /* GTMSessionFetcher.framework */; };
		66E2373A217AFE7000CED120 /* GoogleToolboxForMac.framework in Frameworks */ = {isa = PBXBuildFile; fileRef = 66E23739217AFE7000CED120 /* GoogleToolboxForMac.framework */; };
		66E2373C217AFE7500CED120 /* nanopb.framework in Frameworks */ = {isa = PBXBuildFile; fileRef = 66E2373B217AFE7500CED120 /* nanopb.framework */; };
		66E2373E217AFE7900CED120 /* leveldb.framework in Frameworks */ = {isa = PBXBuildFile; fileRef = 66E2373D217AFE7900CED120 /* leveldb.framework */; };
		66E7F5C22098783E004485FC /* ArticleWithProductsCell.swift in Sources */ = {isa = PBXBuildFile; fileRef = 66E7F5C12098783E004485FC /* ArticleWithProductsCell.swift */; };
		66E7F5C820999251004485FC /* article1.txt in Resources */ = {isa = PBXBuildFile; fileRef = 66E7F5C720999251004485FC /* article1.txt */; };
		66E7F5CF209993D5004485FC /* article15.txt in Resources */ = {isa = PBXBuildFile; fileRef = 66E7F5C9209993D4004485FC /* article15.txt */; };
		66E7F5D0209993D5004485FC /* article12.txt in Resources */ = {isa = PBXBuildFile; fileRef = 66E7F5CA209993D5004485FC /* article12.txt */; };
		66E7F5D1209993D5004485FC /* article16.txt in Resources */ = {isa = PBXBuildFile; fileRef = 66E7F5CB209993D5004485FC /* article16.txt */; };
		66E7F5D2209993D5004485FC /* article13.txt in Resources */ = {isa = PBXBuildFile; fileRef = 66E7F5CC209993D5004485FC /* article13.txt */; };
		66E7F5D3209993D5004485FC /* article11.txt in Resources */ = {isa = PBXBuildFile; fileRef = 66E7F5CD209993D5004485FC /* article11.txt */; };
		66E7F5D4209993D5004485FC /* article14.txt in Resources */ = {isa = PBXBuildFile; fileRef = 66E7F5CE209993D5004485FC /* article14.txt */; };
		66E7F5D7209994C4004485FC /* for7.txt in Resources */ = {isa = PBXBuildFile; fileRef = 66E7F5D6209994C4004485FC /* for7.txt */; };
		66E7F5D920999511004485FC /* for2.txt in Resources */ = {isa = PBXBuildFile; fileRef = 66E7F5D820999511004485FC /* for2.txt */; };
		66E7F5DB20999546004485FC /* for15.txt in Resources */ = {isa = PBXBuildFile; fileRef = 66E7F5DA20999545004485FC /* for15.txt */; };
		66E7F5DD20999563004485FC /* for16.txt in Resources */ = {isa = PBXBuildFile; fileRef = 66E7F5DC20999563004485FC /* for16.txt */; };
		66E7F5DF20999BCB004485FC /* for4.txt in Resources */ = {isa = PBXBuildFile; fileRef = 66E7F5DE20999BCB004485FC /* for4.txt */; };
		66E7F5E12099B1B8004485FC /* ArticleWithoutImageCell.swift in Sources */ = {isa = PBXBuildFile; fileRef = 66E7F5E02099B1B8004485FC /* ArticleWithoutImageCell.swift */; };
		66E7F5E32099B2CE004485FC /* article101.txt in Resources */ = {isa = PBXBuildFile; fileRef = 66E7F5E22099B2CE004485FC /* article101.txt */; };
		66EF7CBD201F550A008FBAE2 /* AppDelegate.swift in Sources */ = {isa = PBXBuildFile; fileRef = 66EF7CBC201F550A008FBAE2 /* AppDelegate.swift */; };
		66EF7CC4201F550B008FBAE2 /* Main.storyboard in Resources */ = {isa = PBXBuildFile; fileRef = 66EF7CC2201F550B008FBAE2 /* Main.storyboard */; };
		66EF7CC6201F550B008FBAE2 /* Assets.xcassets in Resources */ = {isa = PBXBuildFile; fileRef = 66EF7CC5201F550B008FBAE2 /* Assets.xcassets */; };
		66EF7CC9201F550B008FBAE2 /* LaunchScreen.storyboard in Resources */ = {isa = PBXBuildFile; fileRef = 66EF7CC7201F550B008FBAE2 /* LaunchScreen.storyboard */; };
		66EF7CD2201F571D008FBAE2 /* StartVC.swift in Sources */ = {isa = PBXBuildFile; fileRef = 66EF7CD1201F571D008FBAE2 /* StartVC.swift */; };
		66EF7CD5201F583C008FBAE2 /* LoginTextField.swift in Sources */ = {isa = PBXBuildFile; fileRef = 66EF7CD4201F583C008FBAE2 /* LoginTextField.swift */; };
		66EF7CD7201F6B11008FBAE2 /* CreateLoginVC.swift in Sources */ = {isa = PBXBuildFile; fileRef = 66EF7CD6201F6B11008FBAE2 /* CreateLoginVC.swift */; };
		66EF7CD9201FB29A008FBAE2 /* WelcomeVC.swift in Sources */ = {isa = PBXBuildFile; fileRef = 66EF7CD8201FB29A008FBAE2 /* WelcomeVC.swift */; };
		66EF7CDB201FB3C9008FBAE2 /* HowOldAreYouVC.swift in Sources */ = {isa = PBXBuildFile; fileRef = 66EF7CDA201FB3C9008FBAE2 /* HowOldAreYouVC.swift */; };
		66EF7CDD201FB4EE008FBAE2 /* ItWasSentVC.swift in Sources */ = {isa = PBXBuildFile; fileRef = 66EF7CDC201FB4EE008FBAE2 /* ItWasSentVC.swift */; };
		66EF7CDF201FBA9E008FBAE2 /* WrinklesVC.swift in Sources */ = {isa = PBXBuildFile; fileRef = 66EF7CDE201FBA9E008FBAE2 /* WrinklesVC.swift */; };
		66EF7CE1202065CD008FBAE2 /* GoogleService-Info.plist in Resources */ = {isa = PBXBuildFile; fileRef = 66EF7CE0202065CD008FBAE2 /* GoogleService-Info.plist */; };
		66EF7CE42020667E008FBAE2 /* AuthService.swift in Sources */ = {isa = PBXBuildFile; fileRef = 66EF7CE32020667E008FBAE2 /* AuthService.swift */; };
		66EF7CE6202066DC008FBAE2 /* DataService.swift in Sources */ = {isa = PBXBuildFile; fileRef = 66EF7CE5202066DC008FBAE2 /* DataService.swift */; };
		66EF7CE920207514008FBAE2 /* Extensions.swift in Sources */ = {isa = PBXBuildFile; fileRef = 66EF7CE820207514008FBAE2 /* Extensions.swift */; };
		66EF7CEB20208718008FBAE2 /* InflamationsVC.swift in Sources */ = {isa = PBXBuildFile; fileRef = 66EF7CEA20208718008FBAE2 /* InflamationsVC.swift */; };
		66EF7CED20208742008FBAE2 /* LifestyleVC.swift in Sources */ = {isa = PBXBuildFile; fileRef = 66EF7CEC20208742008FBAE2 /* LifestyleVC.swift */; };
		66EF7CEF2023752B008FBAE2 /* WhereLiveVC.swift in Sources */ = {isa = PBXBuildFile; fileRef = 66EF7CEE2023752B008FBAE2 /* WhereLiveVC.swift */; };
		66EF7CF12023758C008FBAE2 /* AllergicVC.swift in Sources */ = {isa = PBXBuildFile; fileRef = 66EF7CF02023758C008FBAE2 /* AllergicVC.swift */; };
		66EF7D1A202850FD008FBAE2 /* CurrentUserData.swift in Sources */ = {isa = PBXBuildFile; fileRef = 66EF7D19202850FC008FBAE2 /* CurrentUserData.swift */; };
		66EF7D1D20285146008FBAE2 /* Enums.swift in Sources */ = {isa = PBXBuildFile; fileRef = 66EF7D1C20285146008FBAE2 /* Enums.swift */; };
/* End PBXBuildFile section */

/* Begin PBXFileReference section */
		66366B1820AD9B8200863C70 /* В-stone.entitlements */ = {isa = PBXFileReference; lastKnownFileType = text.plist.entitlements; path = "В-stone.entitlements"; sourceTree = "<group>"; };
		668F45F8209F78FB007877DC /* BluetoothService.swift */ = {isa = PBXFileReference; lastKnownFileType = sourcecode.swift; path = BluetoothService.swift; sourceTree = "<group>"; };
		668F45FB20A18673007877DC /* StoneVC.swift */ = {isa = PBXFileReference; lastKnownFileType = sourcecode.swift; path = StoneVC.swift; sourceTree = "<group>"; };
		668F45FD20A1880E007877DC /* secondFace.gif */ = {isa = PBXFileReference; lastKnownFileType = image.gif; path = secondFace.gif; sourceTree = "<group>"; };
		668F45FE20A1880E007877DC /* thirdFace.gif */ = {isa = PBXFileReference; lastKnownFileType = image.gif; path = thirdFace.gif; sourceTree = "<group>"; };
		668F45FF20A1880E007877DC /* firstFace.gif */ = {isa = PBXFileReference; lastKnownFileType = image.gif; path = firstFace.gif; sourceTree = "<group>"; };
		668F460020A1880F007877DC /* stoneGIF.gif */ = {isa = PBXFileReference; lastKnownFileType = image.gif; path = stoneGIF.gif; sourceTree = "<group>"; };
		668F460520A18CB5007877DC /* FirstFaceVC.swift */ = {isa = PBXFileReference; lastKnownFileType = sourcecode.swift; path = FirstFaceVC.swift; sourceTree = "<group>"; };
		668F460920A18F41007877DC /* SecondFaceVC.swift */ = {isa = PBXFileReference; lastKnownFileType = sourcecode.swift; path = SecondFaceVC.swift; sourceTree = "<group>"; };
		668F460B20A18F62007877DC /* ThirdFaceVC.swift */ = {isa = PBXFileReference; lastKnownFileType = sourcecode.swift; path = ThirdFaceVC.swift; sourceTree = "<group>"; };
		668F460D20A32523007877DC /* article102.txt */ = {isa = PBXFileReference; fileEncoding = 4; lastKnownFileType = text; path = article102.txt; sourceTree = "<group>"; };
		668F460F20A58D26007877DC /* AppData.swift */ = {isa = PBXFileReference; lastKnownFileType = sourcecode.swift; path = AppData.swift; sourceTree = "<group>"; };
		66A26188205A71B10037E26A /* NoBlackoutTransition.swift */ = {isa = PBXFileReference; lastKnownFileType = sourcecode.swift; path = NoBlackoutTransition.swift; sourceTree = "<group>"; };
		66A2618B205A90660037E26A /* Article.swift */ = {isa = PBXFileReference; lastKnownFileType = sourcecode.swift; path = Article.swift; sourceTree = "<group>"; };
		66BA938E2036F4B200C08154 /* BluetoothVC.swift */ = {isa = PBXFileReference; lastKnownFileType = sourcecode.swift; path = BluetoothVC.swift; sourceTree = "<group>"; };
		66BA93902036F4CE00C08154 /* SettingsVC.swift */ = {isa = PBXFileReference; lastKnownFileType = sourcecode.swift; path = SettingsVC.swift; sourceTree = "<group>"; };
		66BA93922036F50300C08154 /* HomeVC.swift */ = {isa = PBXFileReference; lastKnownFileType = sourcecode.swift; path = HomeVC.swift; sourceTree = "<group>"; };
		66BA93942036F51E00C08154 /* AdviceVC.swift */ = {isa = PBXFileReference; lastKnownFileType = sourcecode.swift; path = AdviceVC.swift; sourceTree = "<group>"; };
		66BA9396203DA40800C08154 /* EnterEmailVC.swift */ = {isa = PBXFileReference; lastKnownFileType = sourcecode.swift; path = EnterEmailVC.swift; sourceTree = "<group>"; };
		66BA93DD20469F9200C08154 /* ArticleCell.swift */ = {isa = PBXFileReference; lastKnownFileType = sourcecode.swift; path = ArticleCell.swift; sourceTree = "<group>"; };
		66BA93DF2046DD4A00C08154 /* article3.txt */ = {isa = PBXFileReference; fileEncoding = 4; lastKnownFileType = text; path = article3.txt; sourceTree = "<group>"; };
		66BA93E02046DD4B00C08154 /* article6.txt */ = {isa = PBXFileReference; fileEncoding = 4; lastKnownFileType = text; path = article6.txt; sourceTree = "<group>"; };
		66BA93E12046DD4B00C08154 /* article2.txt */ = {isa = PBXFileReference; fileEncoding = 4; lastKnownFileType = text; path = article2.txt; sourceTree = "<group>"; };
		66BA93E22046DD4B00C08154 /* article7.txt */ = {isa = PBXFileReference; fileEncoding = 4; lastKnownFileType = text; path = article7.txt; sourceTree = "<group>"; };
		66BA93E32046DD4B00C08154 /* article5.txt */ = {isa = PBXFileReference; fileEncoding = 4; lastKnownFileType = text; path = article5.txt; sourceTree = "<group>"; };
		66BA93E42046DD4B00C08154 /* article8.txt */ = {isa = PBXFileReference; fileEncoding = 4; lastKnownFileType = text; path = article8.txt; sourceTree = "<group>"; };
		66BA93E52046DD4B00C08154 /* article4.txt */ = {isa = PBXFileReference; fileEncoding = 4; lastKnownFileType = text; path = article4.txt; sourceTree = "<group>"; };
		66CEBA8720CE1920000C455B /* DataModel.xcdatamodel */ = {isa = PBXFileReference; lastKnownFileType = wrapper.xcdatamodel; path = DataModel.xcdatamodel; sourceTree = "<group>"; };
		66CEBA8920CE1AFA000C455B /* LocalDataService.swift */ = {isa = PBXFileReference; lastKnownFileType = sourcecode.swift; path = LocalDataService.swift; sourceTree = "<group>"; };
		66CEBA8B20CE1BBF000C455B /* QuizModel.swift */ = {isa = PBXFileReference; lastKnownFileType = sourcecode.swift; path = QuizModel.swift; sourceTree = "<group>"; };
		66CEBA8D20CE1BCA000C455B /* BluetoothModel.swift */ = {isa = PBXFileReference; lastKnownFileType = sourcecode.swift; path = BluetoothModel.swift; sourceTree = "<group>"; };
		66E23732217AF54000CED120 /* GraphVC.swift */ = {isa = PBXFileReference; lastKnownFileType = sourcecode.swift; path = GraphVC.swift; sourceTree = "<group>"; };
		66E23735217AFE2E00CED120 /* Charts.framework */ = {isa = PBXFileReference; explicitFileType = wrapper.framework; path = Charts.framework; sourceTree = BUILT_PRODUCTS_DIR; };
		66E23737217AFE6A00CED120 /* GTMSessionFetcher.framework */ = {isa = PBXFileReference; explicitFileType = wrapper.framework; path = GTMSessionFetcher.framework; sourceTree = BUILT_PRODUCTS_DIR; };
		66E23739217AFE7000CED120 /* GoogleToolboxForMac.framework */ = {isa = PBXFileReference; explicitFileType = wrapper.framework; path = GoogleToolboxForMac.framework; sourceTree = BUILT_PRODUCTS_DIR; };
		66E2373B217AFE7500CED120 /* nanopb.framework */ = {isa = PBXFileReference; explicitFileType = wrapper.framework; path = nanopb.framework; sourceTree = BUILT_PRODUCTS_DIR; };
		66E2373D217AFE7900CED120 /* leveldb.framework */ = {isa = PBXFileReference; explicitFileType = wrapper.framework; path = leveldb.framework; sourceTree = BUILT_PRODUCTS_DIR; };
		66E7F5C12098783E004485FC /* ArticleWithProductsCell.swift */ = {isa = PBXFileReference; lastKnownFileType = sourcecode.swift; path = ArticleWithProductsCell.swift; sourceTree = "<group>"; };
		66E7F5C720999251004485FC /* article1.txt */ = {isa = PBXFileReference; fileEncoding = 4; lastKnownFileType = text; path = article1.txt; sourceTree = "<group>"; };
		66E7F5C9209993D4004485FC /* article15.txt */ = {isa = PBXFileReference; fileEncoding = 4; lastKnownFileType = text; path = article15.txt; sourceTree = "<group>"; };
		66E7F5CA209993D5004485FC /* article12.txt */ = {isa = PBXFileReference; fileEncoding = 4; lastKnownFileType = text; path = article12.txt; sourceTree = "<group>"; };
		66E7F5CB209993D5004485FC /* article16.txt */ = {isa = PBXFileReference; fileEncoding = 4; lastKnownFileType = text; path = article16.txt; sourceTree = "<group>"; };
		66E7F5CC209993D5004485FC /* article13.txt */ = {isa = PBXFileReference; fileEncoding = 4; lastKnownFileType = text; path = article13.txt; sourceTree = "<group>"; };
		66E7F5CD209993D5004485FC /* article11.txt */ = {isa = PBXFileReference; fileEncoding = 4; lastKnownFileType = text; path = article11.txt; sourceTree = "<group>"; };
		66E7F5CE209993D5004485FC /* article14.txt */ = {isa = PBXFileReference; fileEncoding = 4; lastKnownFileType = text; path = article14.txt; sourceTree = "<group>"; };
		66E7F5D6209994C4004485FC /* for7.txt */ = {isa = PBXFileReference; fileEncoding = 4; lastKnownFileType = text; path = for7.txt; sourceTree = "<group>"; };
		66E7F5D820999511004485FC /* for2.txt */ = {isa = PBXFileReference; fileEncoding = 4; lastKnownFileType = text; path = for2.txt; sourceTree = "<group>"; };
		66E7F5DA20999545004485FC /* for15.txt */ = {isa = PBXFileReference; fileEncoding = 4; lastKnownFileType = text; path = for15.txt; sourceTree = "<group>"; };
		66E7F5DC20999563004485FC /* for16.txt */ = {isa = PBXFileReference; fileEncoding = 4; lastKnownFileType = text; path = for16.txt; sourceTree = "<group>"; };
		66E7F5DE20999BCB004485FC /* for4.txt */ = {isa = PBXFileReference; fileEncoding = 4; lastKnownFileType = text; path = for4.txt; sourceTree = "<group>"; };
		66E7F5E02099B1B8004485FC /* ArticleWithoutImageCell.swift */ = {isa = PBXFileReference; lastKnownFileType = sourcecode.swift; path = ArticleWithoutImageCell.swift; sourceTree = "<group>"; };
		66E7F5E22099B2CE004485FC /* article101.txt */ = {isa = PBXFileReference; fileEncoding = 4; lastKnownFileType = text; path = article101.txt; sourceTree = "<group>"; };
		66EF7CB9201F550A008FBAE2 /* В-stone.app */ = {isa = PBXFileReference; explicitFileType = wrapper.application; includeInIndex = 0; path = "В-stone.app"; sourceTree = BUILT_PRODUCTS_DIR; };
		66EF7CBC201F550A008FBAE2 /* AppDelegate.swift */ = {isa = PBXFileReference; lastKnownFileType = sourcecode.swift; path = AppDelegate.swift; sourceTree = "<group>"; };
		66EF7CC3201F550B008FBAE2 /* Base */ = {isa = PBXFileReference; lastKnownFileType = file.storyboard; name = Base; path = Base.lproj/Main.storyboard; sourceTree = "<group>"; };
		66EF7CC5201F550B008FBAE2 /* Assets.xcassets */ = {isa = PBXFileReference; lastKnownFileType = folder.assetcatalog; path = Assets.xcassets; sourceTree = "<group>"; };
		66EF7CC8201F550B008FBAE2 /* Base */ = {isa = PBXFileReference; lastKnownFileType = file.storyboard; name = Base; path = Base.lproj/LaunchScreen.storyboard; sourceTree = "<group>"; };
		66EF7CCA201F550B008FBAE2 /* Info.plist */ = {isa = PBXFileReference; lastKnownFileType = text.plist.xml; path = Info.plist; sourceTree = "<group>"; };
		66EF7CD1201F571D008FBAE2 /* StartVC.swift */ = {isa = PBXFileReference; lastKnownFileType = sourcecode.swift; path = StartVC.swift; sourceTree = "<group>"; };
		66EF7CD4201F583C008FBAE2 /* LoginTextField.swift */ = {isa = PBXFileReference; lastKnownFileType = sourcecode.swift; path = LoginTextField.swift; sourceTree = "<group>"; };
		66EF7CD6201F6B11008FBAE2 /* CreateLoginVC.swift */ = {isa = PBXFileReference; lastKnownFileType = sourcecode.swift; path = CreateLoginVC.swift; sourceTree = "<group>"; };
		66EF7CD8201FB29A008FBAE2 /* WelcomeVC.swift */ = {isa = PBXFileReference; lastKnownFileType = sourcecode.swift; path = WelcomeVC.swift; sourceTree = "<group>"; };
		66EF7CDA201FB3C9008FBAE2 /* HowOldAreYouVC.swift */ = {isa = PBXFileReference; lastKnownFileType = sourcecode.swift; path = HowOldAreYouVC.swift; sourceTree = "<group>"; };
		66EF7CDC201FB4EE008FBAE2 /* ItWasSentVC.swift */ = {isa = PBXFileReference; lastKnownFileType = sourcecode.swift; path = ItWasSentVC.swift; sourceTree = "<group>"; };
		66EF7CDE201FBA9E008FBAE2 /* WrinklesVC.swift */ = {isa = PBXFileReference; lastKnownFileType = sourcecode.swift; path = WrinklesVC.swift; sourceTree = "<group>"; };
		66EF7CE0202065CD008FBAE2 /* GoogleService-Info.plist */ = {isa = PBXFileReference; fileEncoding = 4; lastKnownFileType = text.plist.xml; path = "GoogleService-Info.plist"; sourceTree = "<group>"; };
		66EF7CE32020667E008FBAE2 /* AuthService.swift */ = {isa = PBXFileReference; lastKnownFileType = sourcecode.swift; path = AuthService.swift; sourceTree = "<group>"; };
		66EF7CE5202066DC008FBAE2 /* DataService.swift */ = {isa = PBXFileReference; lastKnownFileType = sourcecode.swift; path = DataService.swift; sourceTree = "<group>"; };
		66EF7CE820207514008FBAE2 /* Extensions.swift */ = {isa = PBXFileReference; lastKnownFileType = sourcecode.swift; path = Extensions.swift; sourceTree = "<group>"; };
		66EF7CEA20208718008FBAE2 /* InflamationsVC.swift */ = {isa = PBXFileReference; lastKnownFileType = sourcecode.swift; path = InflamationsVC.swift; sourceTree = "<group>"; };
		66EF7CEC20208742008FBAE2 /* LifestyleVC.swift */ = {isa = PBXFileReference; lastKnownFileType = sourcecode.swift; path = LifestyleVC.swift; sourceTree = "<group>"; };
		66EF7CEE2023752B008FBAE2 /* WhereLiveVC.swift */ = {isa = PBXFileReference; lastKnownFileType = sourcecode.swift; path = WhereLiveVC.swift; sourceTree = "<group>"; };
		66EF7CF02023758C008FBAE2 /* AllergicVC.swift */ = {isa = PBXFileReference; lastKnownFileType = sourcecode.swift; path = AllergicVC.swift; sourceTree = "<group>"; };
		66EF7D19202850FC008FBAE2 /* CurrentUserData.swift */ = {isa = PBXFileReference; lastKnownFileType = sourcecode.swift; path = CurrentUserData.swift; sourceTree = "<group>"; };
		66EF7D1C20285146008FBAE2 /* Enums.swift */ = {isa = PBXFileReference; lastKnownFileType = sourcecode.swift; path = Enums.swift; sourceTree = "<group>"; };
		896A853F22DE86AAF90BA35E /* Pods-В-stone.debug.xcconfig */ = {isa = PBXFileReference; includeInIndex = 1; lastKnownFileType = text.xcconfig; name = "Pods-В-stone.debug.xcconfig"; path = "Pods/Target Support Files/Pods-В-stone/Pods-В-stone.debug.xcconfig"; sourceTree = "<group>"; };
		8E76103F8BC25381C88C81A8 /* Pods-В-stone.release.xcconfig */ = {isa = PBXFileReference; includeInIndex = 1; lastKnownFileType = text.xcconfig; name = "Pods-В-stone.release.xcconfig"; path = "Pods/Target Support Files/Pods-В-stone/Pods-В-stone.release.xcconfig"; sourceTree = "<group>"; };
		B1F2550223E0DF10A1436F5F /* Pods___stone.framework */ = {isa = PBXFileReference; explicitFileType = wrapper.framework; includeInIndex = 0; path = "Pods___stone.framework"; sourceTree = BUILT_PRODUCTS_DIR; };
/* End PBXFileReference section */

/* Begin PBXFrameworksBuildPhase section */
		66EF7CB6201F550A008FBAE2 /* Frameworks */ = {
			isa = PBXFrameworksBuildPhase;
			buildActionMask = 2147483647;
			files = (
				66E2373E217AFE7900CED120 /* leveldb.framework in Frameworks */,
				66E2373C217AFE7500CED120 /* nanopb.framework in Frameworks */,
				66E2373A217AFE7000CED120 /* GoogleToolboxForMac.framework in Frameworks */,
				66E23738217AFE6A00CED120 /* GTMSessionFetcher.framework in Frameworks */,
				66E23736217AFE2E00CED120 /* Charts.framework in Frameworks */,
			);
			runOnlyForDeploymentPostprocessing = 0;
		};
/* End PBXFrameworksBuildPhase section */

/* Begin PBXGroup section */
		1D4164897C5A5A91EDD3DF48 /* Pods */ = {
			isa = PBXGroup;
			children = (
				896A853F22DE86AAF90BA35E /* Pods-В-stone.debug.xcconfig */,
				8E76103F8BC25381C88C81A8 /* Pods-В-stone.release.xcconfig */,
			);
			name = Pods;
			sourceTree = "<group>";
		};
		668F45FA20A184FD007877DC /* BluetoothControllers */ = {
			isa = PBXGroup;
			children = (
				668F45FB20A18673007877DC /* StoneVC.swift */,
				668F460520A18CB5007877DC /* FirstFaceVC.swift */,
				668F460920A18F41007877DC /* SecondFaceVC.swift */,
				668F460B20A18F62007877DC /* ThirdFaceVC.swift */,
				668F45FF20A1880E007877DC /* firstFace.gif */,
				668F45FD20A1880E007877DC /* secondFace.gif */,
				668F460020A1880F007877DC /* stoneGIF.gif */,
				668F45FE20A1880E007877DC /* thirdFace.gif */,
			);
			path = BluetoothControllers;
			sourceTree = "<group>";
		};
		66A26187205A71760037E26A /* Segues */ = {
			isa = PBXGroup;
			children = (
				66A26188205A71B10037E26A /* NoBlackoutTransition.swift */,
			);
			path = Segues;
			sourceTree = "<group>";
		};
		66A2618A205A90550037E26A /* Model */ = {
			isa = PBXGroup;
			children = (
				66A2618B205A90660037E26A /* Article.swift */,
				66CEBA8B20CE1BBF000C455B /* QuizModel.swift */,
				66CEBA8D20CE1BCA000C455B /* BluetoothModel.swift */,
			);
			path = Model;
			sourceTree = "<group>";
		};
		66BA93D92046925F00C08154 /* Files */ = {
			isa = PBXGroup;
			children = (
				66E7F5D520999462004485FC /* Subscripts */,
				66E7F5C720999251004485FC /* article1.txt */,
				66BA93E12046DD4B00C08154 /* article2.txt */,
				66BA93DF2046DD4A00C08154 /* article3.txt */,
				66BA93E52046DD4B00C08154 /* article4.txt */,
				66BA93E32046DD4B00C08154 /* article5.txt */,
				66BA93E02046DD4B00C08154 /* article6.txt */,
				66BA93E22046DD4B00C08154 /* article7.txt */,
				66BA93E42046DD4B00C08154 /* article8.txt */,
				66E7F5CD209993D5004485FC /* article11.txt */,
				66E7F5CA209993D5004485FC /* article12.txt */,
				66E7F5CC209993D5004485FC /* article13.txt */,
				66E7F5CE209993D5004485FC /* article14.txt */,
				66E7F5C9209993D4004485FC /* article15.txt */,
				66E7F5CB209993D5004485FC /* article16.txt */,
				66E7F5E22099B2CE004485FC /* article101.txt */,
				668F460D20A32523007877DC /* article102.txt */,
			);
			path = Files;
			sourceTree = "<group>";
		};
		66E7F5D520999462004485FC /* Subscripts */ = {
			isa = PBXGroup;
			children = (
				66E7F5D820999511004485FC /* for2.txt */,
				66E7F5DE20999BCB004485FC /* for4.txt */,
				66E7F5D6209994C4004485FC /* for7.txt */,
				66E7F5DA20999545004485FC /* for15.txt */,
				66E7F5DC20999563004485FC /* for16.txt */,
			);
			path = Subscripts;
			sourceTree = "<group>";
		};
		66EF7CB0201F550A008FBAE2 = {
			isa = PBXGroup;
			children = (
				66EF7CBB201F550A008FBAE2 /* В-stone */,
				66EF7CBA201F550A008FBAE2 /* Products */,
				1D4164897C5A5A91EDD3DF48 /* Pods */,
				DB833EEA722B83B9427E63C5 /* Frameworks */,
			);
			sourceTree = "<group>";
		};
		66EF7CBA201F550A008FBAE2 /* Products */ = {
			isa = PBXGroup;
			children = (
				66EF7CB9201F550A008FBAE2 /* В-stone.app */,
			);
			name = Products;
			sourceTree = "<group>";
		};
		66EF7CBB201F550A008FBAE2 /* В-stone */ = {
			isa = PBXGroup;
			children = (
				66366B1820AD9B8200863C70 /* В-stone.entitlements */,
				B2E668C7214DA36E00C3CC2D /* Presentation Layer */,
				66EF7CE22020666D008FBAE2 /* Service Layer */,
				B2E668C8214DA3AD00C3CC2D /* Supporting Files */,
				66EF7CBC201F550A008FBAE2 /* AppDelegate.swift */,
				66EF7CC2201F550B008FBAE2 /* Main.storyboard */,
				66EF7CC5201F550B008FBAE2 /* Assets.xcassets */,
				66EF7CC7201F550B008FBAE2 /* LaunchScreen.storyboard */,
				66CEBA8620CE1920000C455B /* DataModel.xcdatamodeld */,
				66EF7CCA201F550B008FBAE2 /* Info.plist */,
				66EF7CE0202065CD008FBAE2 /* GoogleService-Info.plist */,
			);
			path = "В-stone";
			sourceTree = "<group>";
		};
		66EF7CD0201F56C3008FBAE2 /* Controller */ = {
			isa = PBXGroup;
			children = (
				B219DC1A2157A19D0035BF94 /* Tab */,
				B219DC192157A1720035BF94 /* Login */,
				B219DC182157A15B0035BF94 /* Quiz */,
				668F45FA20A184FD007877DC /* BluetoothControllers */,
			);
			path = Controller;
			sourceTree = "<group>";
		};
		66EF7CD3201F5820008FBAE2 /* View */ = {
			isa = PBXGroup;
			children = (
				66EF7CD4201F583C008FBAE2 /* LoginTextField.swift */,
				66BA93DD20469F9200C08154 /* ArticleCell.swift */,
				66E7F5C12098783E004485FC /* ArticleWithProductsCell.swift */,
				66E7F5E02099B1B8004485FC /* ArticleWithoutImageCell.swift */,
			);
			path = View;
			sourceTree = "<group>";
		};
		66EF7CE22020666D008FBAE2 /* Service Layer */ = {
			isa = PBXGroup;
			children = (
				66EF7CE32020667E008FBAE2 /* AuthService.swift */,
				66EF7CE5202066DC008FBAE2 /* DataService.swift */,
				66EF7D19202850FC008FBAE2 /* CurrentUserData.swift */,
				668F45F8209F78FB007877DC /* BluetoothService.swift */,
				668F460F20A58D26007877DC /* AppData.swift */,
				66CEBA8920CE1AFA000C455B /* LocalDataService.swift */,
			);
			path = "Service Layer";
			sourceTree = "<group>";
		};
		66EF7CE7202074F9008FBAE2 /* Extensions */ = {
			isa = PBXGroup;
			children = (
				66EF7CE820207514008FBAE2 /* Extensions.swift */,
			);
			path = Extensions;
			sourceTree = "<group>";
		};
		66EF7D1B20285121008FBAE2 /* Enumerations */ = {
			isa = PBXGroup;
			children = (
				66EF7D1C20285146008FBAE2 /* Enums.swift */,
			);
			path = Enumerations;
			sourceTree = "<group>";
		};
		B219DC182157A15B0035BF94 /* Quiz */ = {
			isa = PBXGroup;
			children = (
				66EF7CDA201FB3C9008FBAE2 /* HowOldAreYouVC.swift */,
				66EF7CEE2023752B008FBAE2 /* WhereLiveVC.swift */,
				66EF7CEC20208742008FBAE2 /* LifestyleVC.swift */,
				66EF7CDE201FBA9E008FBAE2 /* WrinklesVC.swift */,
				66EF7CEA20208718008FBAE2 /* InflamationsVC.swift */,
				66EF7CF02023758C008FBAE2 /* AllergicVC.swift */,
			);
			path = Quiz;
			sourceTree = "<group>";
		};
		B219DC192157A1720035BF94 /* Login */ = {
			isa = PBXGroup;
			children = (
				66EF7CD1201F571D008FBAE2 /* StartVC.swift */,
				66EF7CD6201F6B11008FBAE2 /* CreateLoginVC.swift */,
				66EF7CDC201FB4EE008FBAE2 /* ItWasSentVC.swift */,
				66BA9396203DA40800C08154 /* EnterEmailVC.swift */,
				66EF7CD8201FB29A008FBAE2 /* WelcomeVC.swift */,
			);
			path = Login;
			sourceTree = "<group>";
		};
		B219DC1A2157A19D0035BF94 /* Tab */ = {
			isa = PBXGroup;
			children = (
				66BA938E2036F4B200C08154 /* BluetoothVC.swift */,
				66BA93902036F4CE00C08154 /* SettingsVC.swift */,
				66BA93922036F50300C08154 /* HomeVC.swift */,
				66BA93942036F51E00C08154 /* AdviceVC.swift */,
				66E23732217AF54000CED120 /* GraphVC.swift */,
			);
			path = Tab;
			sourceTree = "<group>";
		};
		B2E668C7214DA36E00C3CC2D /* Presentation Layer */ = {
			isa = PBXGroup;
			children = (
				66A2618A205A90550037E26A /* Model */,
				66EF7CD3201F5820008FBAE2 /* View */,
				66EF7CD0201F56C3008FBAE2 /* Controller */,
			);
			path = "Presentation Layer";
			sourceTree = "<group>";
		};
		B2E668C8214DA3AD00C3CC2D /* Supporting Files */ = {
			isa = PBXGroup;
			children = (
				66A26187205A71760037E26A /* Segues */,
				66EF7CE7202074F9008FBAE2 /* Extensions */,
				66EF7D1B20285121008FBAE2 /* Enumerations */,
				66BA93D92046925F00C08154 /* Files */,
			);
			path = "Supporting Files";
			sourceTree = "<group>";
		};
		DB833EEA722B83B9427E63C5 /* Frameworks */ = {
			isa = PBXGroup;
			children = (
				66E2373D217AFE7900CED120 /* leveldb.framework */,
				66E2373B217AFE7500CED120 /* nanopb.framework */,
				66E23739217AFE7000CED120 /* GoogleToolboxForMac.framework */,
				66E23737217AFE6A00CED120 /* GTMSessionFetcher.framework */,
				66E23735217AFE2E00CED120 /* Charts.framework */,
				B1F2550223E0DF10A1436F5F /* Pods___stone.framework */,
			);
			name = Frameworks;
			sourceTree = "<group>";
		};
/* End PBXGroup section */

/* Begin PBXNativeTarget section */
		66EF7CB8201F550A008FBAE2 /* В-stone */ = {
			isa = PBXNativeTarget;
			buildConfigurationList = 66EF7CCD201F550B008FBAE2 /* Build configuration list for PBXNativeTarget "В-stone" */;
			buildPhases = (
				72F6B6BBEF41DA27B44FA321 /* [CP] Check Pods Manifest.lock */,
				66EF7CB5201F550A008FBAE2 /* Sources */,
				66EF7CB6201F550A008FBAE2 /* Frameworks */,
				66EF7CB7201F550A008FBAE2 /* Resources */,
				000492065C7B344291A281CC /* [CP] Embed Pods Frameworks */,
			);
			buildRules = (
			);
			dependencies = (
			);
			name = "В-stone";
			productName = "В-stone";
			productReference = 66EF7CB9201F550A008FBAE2 /* В-stone.app */;
			productType = "com.apple.product-type.application";
		};
/* End PBXNativeTarget section */

/* Begin PBXProject section */
		66EF7CB1201F550A008FBAE2 /* Project object */ = {
			isa = PBXProject;
			attributes = {
				LastSwiftUpdateCheck = 0920;
				LastUpgradeCheck = 0930;
				ORGANIZATIONNAME = Georgy;
				TargetAttributes = {
					66EF7CB8201F550A008FBAE2 = {
						CreatedOnToolsVersion = 9.2;
						ProvisioningStyle = Automatic;
						SystemCapabilities = {
							com.apple.Push = {
								enabled = 1;
							};
						};
					};
				};
			};
			buildConfigurationList = 66EF7CB4201F550A008FBAE2 /* Build configuration list for PBXProject "В-stone" */;
			compatibilityVersion = "Xcode 8.0";
			developmentRegion = en;
			hasScannedForEncodings = 0;
			knownRegions = (
				en,
				Base,
			);
			mainGroup = 66EF7CB0201F550A008FBAE2;
			productRefGroup = 66EF7CBA201F550A008FBAE2 /* Products */;
			projectDirPath = "";
			projectRoot = "";
			targets = (
				66EF7CB8201F550A008FBAE2 /* В-stone */,
			);
		};
/* End PBXProject section */

/* Begin PBXResourcesBuildPhase section */
		66EF7CB7201F550A008FBAE2 /* Resources */ = {
			isa = PBXResourcesBuildPhase;
			buildActionMask = 2147483647;
			files = (
				66BA93E82046DD4C00C08154 /* article2.txt in Resources */,
				66E7F5D1209993D5004485FC /* article16.txt in Resources */,
				66EF7CC9201F550B008FBAE2 /* LaunchScreen.storyboard in Resources */,
				66E7F5D2209993D5004485FC /* article13.txt in Resources */,
				66E7F5D4209993D5004485FC /* article14.txt in Resources */,
				66E7F5D0209993D5004485FC /* article12.txt in Resources */,
				66E7F5DB20999546004485FC /* for15.txt in Resources */,
				668F460320A1880F007877DC /* firstFace.gif in Resources */,
				66BA93E62046DD4C00C08154 /* article3.txt in Resources */,
				66E7F5CF209993D5004485FC /* article15.txt in Resources */,
				66E7F5DD20999563004485FC /* for16.txt in Resources */,
				66BA93E92046DD4C00C08154 /* article7.txt in Resources */,
				66EF7CE1202065CD008FBAE2 /* GoogleService-Info.plist in Resources */,
				66EF7CC6201F550B008FBAE2 /* Assets.xcassets in Resources */,
				66EF7CC4201F550B008FBAE2 /* Main.storyboard in Resources */,
				66E7F5D7209994C4004485FC /* for7.txt in Resources */,
				66E7F5C820999251004485FC /* article1.txt in Resources */,
				66BA93EB2046DD4C00C08154 /* article8.txt in Resources */,
				668F460120A1880F007877DC /* secondFace.gif in Resources */,
				668F460420A1880F007877DC /* stoneGIF.gif in Resources */,
				66BA93E72046DD4C00C08154 /* article6.txt in Resources */,
				66E7F5E32099B2CE004485FC /* article101.txt in Resources */,
				66BA93EC2046DD4C00C08154 /* article4.txt in Resources */,
				668F460220A1880F007877DC /* thirdFace.gif in Resources */,
				668F460E20A32523007877DC /* article102.txt in Resources */,
				66BA93EA2046DD4C00C08154 /* article5.txt in Resources */,
				66E7F5D3209993D5004485FC /* article11.txt in Resources */,
				66E7F5DF20999BCB004485FC /* for4.txt in Resources */,
				66E7F5D920999511004485FC /* for2.txt in Resources */,
			);
			runOnlyForDeploymentPostprocessing = 0;
		};
/* End PBXResourcesBuildPhase section */

/* Begin PBXShellScriptBuildPhase section */
		000492065C7B344291A281CC /* [CP] Embed Pods Frameworks */ = {
			isa = PBXShellScriptBuildPhase;
			buildActionMask = 2147483647;
			files = (
			);
			inputFileListPaths = (
			);
			inputPaths = (
				"${SRCROOT}/Pods/Target Support Files/Pods-В-stone/Pods-В-stone-frameworks.sh",
				"${BUILT_PRODUCTS_DIR}/Charts/Charts.framework",
				"${BUILT_PRODUCTS_DIR}/GTMSessionFetcher/GTMSessionFetcher.framework",
				"${BUILT_PRODUCTS_DIR}/GoogleUtilities/GoogleUtilities.framework",
				"${BUILT_PRODUCTS_DIR}/leveldb-library/leveldb.framework",
				"${BUILT_PRODUCTS_DIR}/nanopb/nanopb.framework",
			);
			name = "[CP] Embed Pods Frameworks";
			outputFileListPaths = (
			);
			outputPaths = (
				"${TARGET_BUILD_DIR}/${FRAMEWORKS_FOLDER_PATH}/Charts.framework",
				"${TARGET_BUILD_DIR}/${FRAMEWORKS_FOLDER_PATH}/GTMSessionFetcher.framework",
				"${TARGET_BUILD_DIR}/${FRAMEWORKS_FOLDER_PATH}/GoogleUtilities.framework",
				"${TARGET_BUILD_DIR}/${FRAMEWORKS_FOLDER_PATH}/leveldb.framework",
				"${TARGET_BUILD_DIR}/${FRAMEWORKS_FOLDER_PATH}/nanopb.framework",
			);
			runOnlyForDeploymentPostprocessing = 0;
			shellPath = /bin/sh;
			shellScript = "\"${SRCROOT}/Pods/Target Support Files/Pods-В-stone/Pods-В-stone-frameworks.sh\"\n";
			showEnvVarsInLog = 0;
		};
		72F6B6BBEF41DA27B44FA321 /* [CP] Check Pods Manifest.lock */ = {
			isa = PBXShellScriptBuildPhase;
			buildActionMask = 2147483647;
			files = (
			);
			inputFileListPaths = (
			);
			inputPaths = (
				"${PODS_PODFILE_DIR_PATH}/Podfile.lock",
				"${PODS_ROOT}/Manifest.lock",
			);
			name = "[CP] Check Pods Manifest.lock";
			outputFileListPaths = (
			);
			outputPaths = (
				"$(DERIVED_FILE_DIR)/Pods-В-stone-checkManifestLockResult.txt",
			);
			runOnlyForDeploymentPostprocessing = 0;
			shellPath = /bin/sh;
			shellScript = "diff \"${PODS_PODFILE_DIR_PATH}/Podfile.lock\" \"${PODS_ROOT}/Manifest.lock\" > /dev/null\nif [ $? != 0 ] ; then\n    # print error to STDERR\n    echo \"error: The sandbox is not in sync with the Podfile.lock. Run 'pod install' or update your CocoaPods installation.\" >&2\n    exit 1\nfi\n# This output is used by Xcode 'outputs' to avoid re-running this script phase.\necho \"SUCCESS\" > \"${SCRIPT_OUTPUT_FILE_0}\"\n";
			showEnvVarsInLog = 0;
		};
/* End PBXShellScriptBuildPhase section */

/* Begin PBXSourcesBuildPhase section */
		66EF7CB5201F550A008FBAE2 /* Sources */ = {
			isa = PBXSourcesBuildPhase;
			buildActionMask = 2147483647;
			files = (
				668F460620A18CB5007877DC /* FirstFaceVC.swift in Sources */,
				66A2618C205A90660037E26A /* Article.swift in Sources */,
				66EF7CEF2023752B008FBAE2 /* WhereLiveVC.swift in Sources */,
				66BA93952036F51E00C08154 /* AdviceVC.swift in Sources */,
				66CEBA8C20CE1BBF000C455B /* QuizModel.swift in Sources */,
				66EF7CED20208742008FBAE2 /* LifestyleVC.swift in Sources */,
				66EF7CF12023758C008FBAE2 /* AllergicVC.swift in Sources */,
				66E7F5E12099B1B8004485FC /* ArticleWithoutImageCell.swift in Sources */,
				66BA9397203DA40800C08154 /* EnterEmailVC.swift in Sources */,
				66EF7CD7201F6B11008FBAE2 /* CreateLoginVC.swift in Sources */,
				66EF7D1A202850FD008FBAE2 /* CurrentUserData.swift in Sources */,
				66EF7CEB20208718008FBAE2 /* InflamationsVC.swift in Sources */,
				66EF7CDB201FB3C9008FBAE2 /* HowOldAreYouVC.swift in Sources */,
				66CEBA8A20CE1AFA000C455B /* LocalDataService.swift in Sources */,
				66EF7CE6202066DC008FBAE2 /* DataService.swift in Sources */,
				66BA93DE20469F9200C08154 /* ArticleCell.swift in Sources */,
				66BA93932036F50300C08154 /* HomeVC.swift in Sources */,
				668F460C20A18F62007877DC /* ThirdFaceVC.swift in Sources */,
				66EF7CDD201FB4EE008FBAE2 /* ItWasSentVC.swift in Sources */,
				66EF7CBD201F550A008FBAE2 /* AppDelegate.swift in Sources */,
				668F45F9209F78FB007877DC /* BluetoothService.swift in Sources */,
				66EF7CE42020667E008FBAE2 /* AuthService.swift in Sources */,
				66EF7D1D20285146008FBAE2 /* Enums.swift in Sources */,
				66E23733217AF54000CED120 /* GraphVC.swift in Sources */,
				66CEBA8820CE1920000C455B /* DataModel.xcdatamodeld in Sources */,
				66CEBA8E20CE1BCA000C455B /* BluetoothModel.swift in Sources */,
				668F460A20A18F41007877DC /* SecondFaceVC.swift in Sources */,
				66EF7CD2201F571D008FBAE2 /* StartVC.swift in Sources */,
				66EF7CE920207514008FBAE2 /* Extensions.swift in Sources */,
				66EF7CDF201FBA9E008FBAE2 /* WrinklesVC.swift in Sources */,
				66E7F5C22098783E004485FC /* ArticleWithProductsCell.swift in Sources */,
				66A26189205A71B10037E26A /* NoBlackoutTransition.swift in Sources */,
				66EF7CD9201FB29A008FBAE2 /* WelcomeVC.swift in Sources */,
				668F45FC20A18673007877DC /* StoneVC.swift in Sources */,
				66EF7CD5201F583C008FBAE2 /* LoginTextField.swift in Sources */,
				66BA938F2036F4B200C08154 /* BluetoothVC.swift in Sources */,
				668F461020A58D26007877DC /* AppData.swift in Sources */,
				66BA93912036F4CE00C08154 /* SettingsVC.swift in Sources */,
			);
			runOnlyForDeploymentPostprocessing = 0;
		};
/* End PBXSourcesBuildPhase section */

/* Begin PBXVariantGroup section */
		66EF7CC2201F550B008FBAE2 /* Main.storyboard */ = {
			isa = PBXVariantGroup;
			children = (
				66EF7CC3201F550B008FBAE2 /* Base */,
			);
			name = Main.storyboard;
			sourceTree = "<group>";
		};
		66EF7CC7201F550B008FBAE2 /* LaunchScreen.storyboard */ = {
			isa = PBXVariantGroup;
			children = (
				66EF7CC8201F550B008FBAE2 /* Base */,
			);
			name = LaunchScreen.storyboard;
			sourceTree = "<group>";
		};
/* End PBXVariantGroup section */

/* Begin XCBuildConfiguration section */
		66EF7CCB201F550B008FBAE2 /* Debug */ = {
			isa = XCBuildConfiguration;
			buildSettings = {
				ALWAYS_SEARCH_USER_PATHS = NO;
				CLANG_ANALYZER_NONNULL = YES;
				CLANG_ANALYZER_NUMBER_OBJECT_CONVERSION = YES_AGGRESSIVE;
				CLANG_CXX_LANGUAGE_STANDARD = "gnu++14";
				CLANG_CXX_LIBRARY = "libc++";
				CLANG_ENABLE_MODULES = YES;
				CLANG_ENABLE_OBJC_ARC = YES;
				CLANG_WARN_BLOCK_CAPTURE_AUTORELEASING = YES;
				CLANG_WARN_BOOL_CONVERSION = YES;
				CLANG_WARN_COMMA = YES;
				CLANG_WARN_CONSTANT_CONVERSION = YES;
				CLANG_WARN_DEPRECATED_OBJC_IMPLEMENTATIONS = YES;
				CLANG_WARN_DIRECT_OBJC_ISA_USAGE = YES_ERROR;
				CLANG_WARN_DOCUMENTATION_COMMENTS = YES;
				CLANG_WARN_EMPTY_BODY = YES;
				CLANG_WARN_ENUM_CONVERSION = YES;
				CLANG_WARN_INFINITE_RECURSION = YES;
				CLANG_WARN_INT_CONVERSION = YES;
				CLANG_WARN_NON_LITERAL_NULL_CONVERSION = YES;
				CLANG_WARN_OBJC_IMPLICIT_RETAIN_SELF = YES;
				CLANG_WARN_OBJC_LITERAL_CONVERSION = YES;
				CLANG_WARN_OBJC_ROOT_CLASS = YES_ERROR;
				CLANG_WARN_RANGE_LOOP_ANALYSIS = YES;
				CLANG_WARN_STRICT_PROTOTYPES = YES;
				CLANG_WARN_SUSPICIOUS_MOVE = YES;
				CLANG_WARN_UNGUARDED_AVAILABILITY = YES_AGGRESSIVE;
				CLANG_WARN_UNREACHABLE_CODE = YES;
				CLANG_WARN__DUPLICATE_METHOD_MATCH = YES;
				CODE_SIGN_IDENTITY = "iPhone Developer";
				COPY_PHASE_STRIP = NO;
				DEBUG_INFORMATION_FORMAT = dwarf;
				ENABLE_STRICT_OBJC_MSGSEND = YES;
				ENABLE_TESTABILITY = YES;
				GCC_C_LANGUAGE_STANDARD = gnu11;
				GCC_DYNAMIC_NO_PIC = NO;
				GCC_NO_COMMON_BLOCKS = YES;
				GCC_OPTIMIZATION_LEVEL = 0;
				GCC_PREPROCESSOR_DEFINITIONS = (
					"DEBUG=1",
					"$(inherited)",
				);
				GCC_WARN_64_TO_32_BIT_CONVERSION = YES;
				GCC_WARN_ABOUT_RETURN_TYPE = YES_ERROR;
				GCC_WARN_UNDECLARED_SELECTOR = YES;
				GCC_WARN_UNINITIALIZED_AUTOS = YES_AGGRESSIVE;
				GCC_WARN_UNUSED_FUNCTION = YES;
				GCC_WARN_UNUSED_VARIABLE = YES;
				IPHONEOS_DEPLOYMENT_TARGET = 11.3;
				MTL_ENABLE_DEBUG_INFO = YES;
				ONLY_ACTIVE_ARCH = YES;
				SDKROOT = iphoneos;
				SWIFT_ACTIVE_COMPILATION_CONDITIONS = DEBUG;
				SWIFT_OPTIMIZATION_LEVEL = "-Onone";
			};
			name = Debug;
		};
		66EF7CCC201F550B008FBAE2 /* Release */ = {
			isa = XCBuildConfiguration;
			buildSettings = {
				ALWAYS_SEARCH_USER_PATHS = NO;
				CLANG_ANALYZER_NONNULL = YES;
				CLANG_ANALYZER_NUMBER_OBJECT_CONVERSION = YES_AGGRESSIVE;
				CLANG_CXX_LANGUAGE_STANDARD = "gnu++14";
				CLANG_CXX_LIBRARY = "libc++";
				CLANG_ENABLE_MODULES = YES;
				CLANG_ENABLE_OBJC_ARC = YES;
				CLANG_WARN_BLOCK_CAPTURE_AUTORELEASING = YES;
				CLANG_WARN_BOOL_CONVERSION = YES;
				CLANG_WARN_COMMA = YES;
				CLANG_WARN_CONSTANT_CONVERSION = YES;
				CLANG_WARN_DEPRECATED_OBJC_IMPLEMENTATIONS = YES;
				CLANG_WARN_DIRECT_OBJC_ISA_USAGE = YES_ERROR;
				CLANG_WARN_DOCUMENTATION_COMMENTS = YES;
				CLANG_WARN_EMPTY_BODY = YES;
				CLANG_WARN_ENUM_CONVERSION = YES;
				CLANG_WARN_INFINITE_RECURSION = YES;
				CLANG_WARN_INT_CONVERSION = YES;
				CLANG_WARN_NON_LITERAL_NULL_CONVERSION = YES;
				CLANG_WARN_OBJC_IMPLICIT_RETAIN_SELF = YES;
				CLANG_WARN_OBJC_LITERAL_CONVERSION = YES;
				CLANG_WARN_OBJC_ROOT_CLASS = YES_ERROR;
				CLANG_WARN_RANGE_LOOP_ANALYSIS = YES;
				CLANG_WARN_STRICT_PROTOTYPES = YES;
				CLANG_WARN_SUSPICIOUS_MOVE = YES;
				CLANG_WARN_UNGUARDED_AVAILABILITY = YES_AGGRESSIVE;
				CLANG_WARN_UNREACHABLE_CODE = YES;
				CLANG_WARN__DUPLICATE_METHOD_MATCH = YES;
				CODE_SIGN_IDENTITY = "iPhone Developer";
				COPY_PHASE_STRIP = NO;
				DEBUG_INFORMATION_FORMAT = "dwarf-with-dsym";
				ENABLE_NS_ASSERTIONS = NO;
				ENABLE_STRICT_OBJC_MSGSEND = YES;
				GCC_C_LANGUAGE_STANDARD = gnu11;
				GCC_NO_COMMON_BLOCKS = YES;
				GCC_WARN_64_TO_32_BIT_CONVERSION = YES;
				GCC_WARN_ABOUT_RETURN_TYPE = YES_ERROR;
				GCC_WARN_UNDECLARED_SELECTOR = YES;
				GCC_WARN_UNINITIALIZED_AUTOS = YES_AGGRESSIVE;
				GCC_WARN_UNUSED_FUNCTION = YES;
				GCC_WARN_UNUSED_VARIABLE = YES;
				IPHONEOS_DEPLOYMENT_TARGET = 11.3;
				MTL_ENABLE_DEBUG_INFO = NO;
				ONLY_ACTIVE_ARCH = NO;
				SDKROOT = iphoneos;
				SWIFT_OPTIMIZATION_LEVEL = "-Owholemodule";
				VALIDATE_PRODUCT = YES;
			};
			name = Release;
		};
		66EF7CCE201F550B008FBAE2 /* Debug */ = {
			isa = XCBuildConfiguration;
			baseConfigurationReference = 896A853F22DE86AAF90BA35E /* Pods-В-stone.debug.xcconfig */;
			buildSettings = {
				ASSETCATALOG_COMPILER_APPICON_NAME = AppIcon;
				CODE_SIGN_ENTITLEMENTS = "В-stone/В-stone.entitlements";
				CODE_SIGN_STYLE = Automatic;
				DEVELOPMENT_TEAM = U8FZ3UYF69;
				INFOPLIST_FILE = "В-stone/Info.plist";
				LD_RUNPATH_SEARCH_PATHS = "$(inherited) @executable_path/Frameworks";
				PRODUCT_BUNDLE_IDENTIFIER = "edu.georgy.--stone";
				PRODUCT_NAME = "$(TARGET_NAME)";
				SWIFT_VERSION = 4.0;
				TARGETED_DEVICE_FAMILY = 1;
			};
			name = Debug;
		};
		66EF7CCF201F550B008FBAE2 /* Release */ = {
			isa = XCBuildConfiguration;
			baseConfigurationReference = 8E76103F8BC25381C88C81A8 /* Pods-В-stone.release.xcconfig */;
			buildSettings = {
				ASSETCATALOG_COMPILER_APPICON_NAME = AppIcon;
				CODE_SIGN_ENTITLEMENTS = "В-stone/В-stone.entitlements";
				CODE_SIGN_STYLE = Automatic;
				DEVELOPMENT_TEAM = U8FZ3UYF69;
				INFOPLIST_FILE = "В-stone/Info.plist";
				LD_RUNPATH_SEARCH_PATHS = "$(inherited) @executable_path/Frameworks";
				PRODUCT_BUNDLE_IDENTIFIER = "edu.georgy.--stone";
				PRODUCT_NAME = "$(TARGET_NAME)";
				SWIFT_VERSION = 4.0;
				TARGETED_DEVICE_FAMILY = 1;
			};
			name = Release;
		};
/* End XCBuildConfiguration section */

/* Begin XCConfigurationList section */
		66EF7CB4201F550A008FBAE2 /* Build configuration list for PBXProject "В-stone" */ = {
			isa = XCConfigurationList;
			buildConfigurations = (
				66EF7CCB201F550B008FBAE2 /* Debug */,
				66EF7CCC201F550B008FBAE2 /* Release */,
			);
			defaultConfigurationIsVisible = 0;
			defaultConfigurationName = Release;
		};
		66EF7CCD201F550B008FBAE2 /* Build configuration list for PBXNativeTarget "В-stone" */ = {
			isa = XCConfigurationList;
			buildConfigurations = (
				66EF7CCE201F550B008FBAE2 /* Debug */,
				66EF7CCF201F550B008FBAE2 /* Release */,
			);
			defaultConfigurationIsVisible = 0;
			defaultConfigurationName = Release;
		};
/* End XCConfigurationList section */

/* Begin XCVersionGroup section */
		66CEBA8620CE1920000C455B /* DataModel.xcdatamodeld */ = {
			isa = XCVersionGroup;
			children = (
				66CEBA8720CE1920000C455B /* DataModel.xcdatamodel */,
			);
			currentVersion = 66CEBA8720CE1920000C455B /* DataModel.xcdatamodel */;
			path = DataModel.xcdatamodeld;
			sourceTree = "<group>";
			versionGroupType = wrapper.xcdatamodel;
		};
/* End XCVersionGroup section */
	};
	rootObject = 66EF7CB1201F550A008FBAE2 /* Project object */;
}
